
Microsoft Visual Studio Solution File, Format Version 12.00
# Visual Studio Version 17
VisualStudioVersion = 17.11.35222.181
MinimumVisualStudioVersion = 10.0.40219.1
Project("{FAE04EC0-301F-11D3-BF4B-00C04F79EFBC}") = "TECHCHALLANGEAPI", "TECHCHALLANGE\TECHCHALLANGEAPI.csproj", "{C791D1AC-D271-4800-9B8F-F7424ED62629}"
EndProject
Project("{FAE04EC0-301F-11D3-BF4B-00C04F79EFBC}") = "CORE", "CORE\CORE.csproj", "{6F7D14A2-6F9E-44D3-84C8-1FE6ABA89C92}"
EndProject
Project("{FAE04EC0-301F-11D3-BF4B-00C04F79EFBC}") = "INFRASTRUCTURE", "INFRASTRUCTURE\INFRASTRUCTURE.csproj", "{EA6E2725-EAD1-433C-AE7F-2BC8A8EAE996}"
EndProject
Global
	GlobalSection(SolutionConfigurationPlatforms) = preSolution
		Debug|Any CPU = Debug|Any CPU
		Release|Any CPU = Release|Any CPU
	EndGlobalSection
	GlobalSection(ProjectConfigurationPlatforms) = postSolution
		{C791D1AC-D271-4800-9B8F-F7424ED62629}.Debug|Any CPU.ActiveCfg = Debug|Any CPU
		{C791D1AC-D271-4800-9B8F-F7424ED62629}.Debug|Any CPU.Build.0 = Debug|Any CPU
		{C791D1AC-D271-4800-9B8F-F7424ED62629}.Release|Any CPU.ActiveCfg = Release|Any CPU
		{C791D1AC-D271-4800-9B8F-F7424ED62629}.Release|Any CPU.Build.0 = Release|Any CPU
		{6F7D14A2-6F9E-44D3-84C8-1FE6ABA89C92}.Debug|Any CPU.ActiveCfg = Debug|Any CPU
		{6F7D14A2-6F9E-44D3-84C8-1FE6ABA89C92}.Debug|Any CPU.Build.0 = Debug|Any CPU
		{6F7D14A2-6F9E-44D3-84C8-1FE6ABA89C92}.Release|Any CPU.ActiveCfg = Release|Any CPU
		{6F7D14A2-6F9E-44D3-84C8-1FE6ABA89C92}.Release|Any CPU.Build.0 = Release|Any CPU
		{EA6E2725-EAD1-433C-AE7F-2BC8A8EAE996}.Debug|Any CPU.ActiveCfg = Debug|Any CPU
		{EA6E2725-EAD1-433C-AE7F-2BC8A8EAE996}.Debug|Any CPU.Build.0 = Debug|Any CPU
		{EA6E2725-EAD1-433C-AE7F-2BC8A8EAE996}.Release|Any CPU.ActiveCfg = Release|Any CPU
		{EA6E2725-EAD1-433C-AE7F-2BC8A8EAE996}.Release|Any CPU.Build.0 = Release|Any CPU
	EndGlobalSection
	GlobalSection(SolutionProperties) = preSolution
		HideSolutionNode = FALSE
	EndGlobalSection
	GlobalSection(ExtensibilityGlobals) = postSolution
		SolutionGuid = {1EBDE57B-0C41-4B69-BAF3-627628DB7C00}
	EndGlobalSection
EndGlobal
